// !$*UTF8*$!
{
	archiveVersion = 1;
	classes = {
	};
	objectVersion = 50;
	objects = {

/* Begin PBXBuildFile section */
		D15016BD25A193290078D536 /* AppDelegate.swift in Sources */ = {isa = PBXBuildFile; fileRef = D15016BC25A193290078D536 /* AppDelegate.swift */; };
		D15016BF25A193290078D536 /* SceneDelegate.swift in Sources */ = {isa = PBXBuildFile; fileRef = D15016BE25A193290078D536 /* SceneDelegate.swift */; };
		D15016C125A193290078D536 /* ViewController.swift in Sources */ = {isa = PBXBuildFile; fileRef = D15016C025A193290078D536 /* ViewController.swift */; };
		D15016C425A193290078D536 /* Main.storyboard in Resources */ = {isa = PBXBuildFile; fileRef = D15016C225A193290078D536 /* Main.storyboard */; };
		D15016C625A1932B0078D536 /* Assets.xcassets in Resources */ = {isa = PBXBuildFile; fileRef = D15016C525A1932B0078D536 /* Assets.xcassets */; };
		D15016C925A1932B0078D536 /* LaunchScreen.storyboard in Resources */ = {isa = PBXBuildFile; fileRef = D15016C725A1932B0078D536 /* LaunchScreen.storyboard */; };
		D15016D425A1932B0078D536 /* AdaptiveLayoutTests.swift in Sources */ = {isa = PBXBuildFile; fileRef = D15016D325A1932B0078D536 /* AdaptiveLayoutTests.swift */; };
		D15016DF25A1932B0078D536 /* AdaptiveLayoutUITests.swift in Sources */ = {isa = PBXBuildFile; fileRef = D15016DE25A1932B0078D536 /* AdaptiveLayoutUITests.swift */; };
		D15016ED25A1E8660078D536 /* BorderedButton.swift in Sources */ = {isa = PBXBuildFile; fileRef = D15016EC25A1E8660078D536 /* BorderedButton.swift */; };
/* End PBXBuildFile section */

/* Begin PBXContainerItemProxy section */
		D15016D025A1932B0078D536 /* PBXContainerItemProxy */ = {
			isa = PBXContainerItemProxy;
			containerPortal = D15016B125A193290078D536 /* Project object */;
			proxyType = 1;
			remoteGlobalIDString = D15016B825A193290078D536;
			remoteInfo = AdaptiveLayout;
		};
		D15016DB25A1932B0078D536 /* PBXContainerItemProxy */ = {
			isa = PBXContainerItemProxy;
			containerPortal = D15016B125A193290078D536 /* Project object */;
			proxyType = 1;
			remoteGlobalIDString = D15016B825A193290078D536;
			remoteInfo = AdaptiveLayout;
		};
/* End PBXContainerItemProxy section */

/* Begin PBXFileReference section */
		D15016B925A193290078D536 /* AdaptiveLayout.app */ = {isa = PBXFileReference; explicitFileType = wrapper.application; includeInIndex = 0; path = AdaptiveLayout.app; sourceTree = BUILT_PRODUCTS_DIR; };
		D15016BC25A193290078D536 /* AppDelegate.swift */ = {isa = PBXFileReference; lastKnownFileType = sourcecode.swift; path = AppDelegate.swift; sourceTree = "<group>"; };
		D15016BE25A193290078D536 /* SceneDelegate.swift */ = {isa = PBXFileReference; lastKnownFileType = sourcecode.swift; path = SceneDelegate.swift; sourceTree = "<group>"; };
		D15016C025A193290078D536 /* ViewController.swift */ = {isa = PBXFileReference; lastKnownFileType = sourcecode.swift; path = ViewController.swift; sourceTree = "<group>"; };
		D15016C325A193290078D536 /* Base */ = {isa = PBXFileReference; lastKnownFileType = file.storyboard; name = Base; path = Base.lproj/Main.storyboard; sourceTree = "<group>"; };
		D15016C525A1932B0078D536 /* Assets.xcassets */ = {isa = PBXFileReference; lastKnownFileType = folder.assetcatalog; path = Assets.xcassets; sourceTree = "<group>"; };
		D15016C825A1932B0078D536 /* Base */ = {isa = PBXFileReference; lastKnownFileType = file.storyboard; name = Base; path = Base.lproj/LaunchScreen.storyboard; sourceTree = "<group>"; };
		D15016CA25A1932B0078D536 /* Info.plist */ = {isa = PBXFileReference; lastKnownFileType = text.plist.xml; path = Info.plist; sourceTree = "<group>"; };
		D15016CF25A1932B0078D536 /* AdaptiveLayoutTests.xctest */ = {isa = PBXFileReference; explicitFileType = wrapper.cfbundle; includeInIndex = 0; path = AdaptiveLayoutTests.xctest; sourceTree = BUILT_PRODUCTS_DIR; };
		D15016D325A1932B0078D536 /* AdaptiveLayoutTests.swift */ = {isa = PBXFileReference; lastKnownFileType = sourcecode.swift; path = AdaptiveLayoutTests.swift; sourceTree = "<group>"; };
		D15016D525A1932B0078D536 /* Info.plist */ = {isa = PBXFileReference; lastKnownFileType = text.plist.xml; path = Info.plist; sourceTree = "<group>"; };
		D15016DA25A1932B0078D536 /* AdaptiveLayoutUITests.xctest */ = {isa = PBXFileReference; explicitFileType = wrapper.cfbundle; includeInIndex = 0; path = AdaptiveLayoutUITests.xctest; sourceTree = BUILT_PRODUCTS_DIR; };
		D15016DE25A1932B0078D536 /* AdaptiveLayoutUITests.swift */ = {isa = PBXFileReference; lastKnownFileType = sourcecode.swift; path = AdaptiveLayoutUITests.swift; sourceTree = "<group>"; };
		D15016E025A1932B0078D536 /* Info.plist */ = {isa = PBXFileReference; lastKnownFileType = text.plist.xml; path = Info.plist; sourceTree = "<group>"; };
		D15016EC25A1E8660078D536 /* BorderedButton.swift */ = {isa = PBXFileReference; lastKnownFileType = sourcecode.swift; path = BorderedButton.swift; sourceTree = "<group>"; };
/* End PBXFileReference section */

/* Begin PBXFrameworksBuildPhase section */
		D15016B625A193290078D536 /* Frameworks */ = {
			isa = PBXFrameworksBuildPhase;
			buildActionMask = 2147483647;
			files = (
			);
			runOnlyForDeploymentPostprocessing = 0;
		};
		D15016CC25A1932B0078D536 /* Frameworks */ = {
			isa = PBXFrameworksBuildPhase;
			buildActionMask = 2147483647;
			files = (
			);
			runOnlyForDeploymentPostprocessing = 0;
		};
		D15016D725A1932B0078D536 /* Frameworks */ = {
			isa = PBXFrameworksBuildPhase;
			buildActionMask = 2147483647;
			files = (
			);
			runOnlyForDeploymentPostprocessing = 0;
		};
/* End PBXFrameworksBuildPhase section */

/* Begin PBXGroup section */
		D15016B025A193290078D536 = {
			isa = PBXGroup;
			children = (
				D15016BB25A193290078D536 /* AdaptiveLayout */,
				D15016D225A1932B0078D536 /* AdaptiveLayoutTests */,
				D15016DD25A1932B0078D536 /* AdaptiveLayoutUITests */,
				D15016BA25A193290078D536 /* Products */,
			);
			sourceTree = "<group>";
		};
		D15016BA25A193290078D536 /* Products */ = {
			isa = PBXGroup;
			children = (
				D15016B925A193290078D536 /* AdaptiveLayout.app */,
				D15016CF25A1932B0078D536 /* AdaptiveLayoutTests.xctest */,
				D15016DA25A1932B0078D536 /* AdaptiveLayoutUITests.xctest */,
			);
			name = Products;
			sourceTree = "<group>";
		};
		D15016BB25A193290078D536 /* AdaptiveLayout */ = {
			isa = PBXGroup;
			children = (
				D15016BC25A193290078D536 /* AppDelegate.swift */,
				D15016BE25A193290078D536 /* SceneDelegate.swift */,
				D15016C025A193290078D536 /* ViewController.swift */,
				D15016C225A193290078D536 /* Main.storyboard */,
				D15016C525A1932B0078D536 /* Assets.xcassets */,
				D15016C725A1932B0078D536 /* LaunchScreen.storyboard */,
				D15016CA25A1932B0078D536 /* Info.plist */,
				D15016EC25A1E8660078D536 /* BorderedButton.swift */,
			);
			path = AdaptiveLayout;
			sourceTree = "<group>";
		};
		D15016D225A1932B0078D536 /* AdaptiveLayoutTests */ = {
			isa = PBXGroup;
			children = (
				D15016D325A1932B0078D536 /* AdaptiveLayoutTests.swift */,
				D15016D525A1932B0078D536 /* Info.plist */,
			);
			path = AdaptiveLayoutTests;
			sourceTree = "<group>";
		};
		D15016DD25A1932B0078D536 /* AdaptiveLayoutUITests */ = {
			isa = PBXGroup;
			children = (
				D15016DE25A1932B0078D536 /* AdaptiveLayoutUITests.swift */,
				D15016E025A1932B0078D536 /* Info.plist */,
			);
			path = AdaptiveLayoutUITests;
			sourceTree = "<group>";
		};
/* End PBXGroup section */

/* Begin PBXNativeTarget section */
		D15016B825A193290078D536 /* AdaptiveLayout */ = {
			isa = PBXNativeTarget;
			buildConfigurationList = D15016E325A1932B0078D536 /* Build configuration list for PBXNativeTarget "AdaptiveLayout" */;
			buildPhases = (
				D15016B525A193290078D536 /* Sources */,
				D15016B625A193290078D536 /* Frameworks */,
				D15016B725A193290078D536 /* Resources */,
			);
			buildRules = (
			);
			dependencies = (
			);
			name = AdaptiveLayout;
			productName = AdaptiveLayout;
			productReference = D15016B925A193290078D536 /* AdaptiveLayout.app */;
			productType = "com.apple.product-type.application";
		};
		D15016CE25A1932B0078D536 /* AdaptiveLayoutTests */ = {
			isa = PBXNativeTarget;
			buildConfigurationList = D15016E625A1932B0078D536 /* Build configuration list for PBXNativeTarget "AdaptiveLayoutTests" */;
			buildPhases = (
				D15016CB25A1932B0078D536 /* Sources */,
				D15016CC25A1932B0078D536 /* Frameworks */,
				D15016CD25A1932B0078D536 /* Resources */,
			);
			buildRules = (
			);
			dependencies = (
				D15016D125A1932B0078D536 /* PBXTargetDependency */,
			);
			name = AdaptiveLayoutTests;
			productName = AdaptiveLayoutTests;
			productReference = D15016CF25A1932B0078D536 /* AdaptiveLayoutTests.xctest */;
			productType = "com.apple.product-type.bundle.unit-test";
		};
		D15016D925A1932B0078D536 /* AdaptiveLayoutUITests */ = {
			isa = PBXNativeTarget;
			buildConfigurationList = D15016E925A1932B0078D536 /* Build configuration list for PBXNativeTarget "AdaptiveLayoutUITests" */;
			buildPhases = (
				D15016D625A1932B0078D536 /* Sources */,
				D15016D725A1932B0078D536 /* Frameworks */,
				D15016D825A1932B0078D536 /* Resources */,
			);
			buildRules = (
			);
			dependencies = (
				D15016DC25A1932B0078D536 /* PBXTargetDependency */,
			);
			name = AdaptiveLayoutUITests;
			productName = AdaptiveLayoutUITests;
			productReference = D15016DA25A1932B0078D536 /* AdaptiveLayoutUITests.xctest */;
			productType = "com.apple.product-type.bundle.ui-testing";
		};
/* End PBXNativeTarget section */

/* Begin PBXProject section */
		D15016B125A193290078D536 /* Project object */ = {
			isa = PBXProject;
			attributes = {
				LastSwiftUpdateCheck = 1150;
				LastUpgradeCheck = 1150;
				ORGANIZATIONNAME = "Arpit Garg";
				TargetAttributes = {
					D15016B825A193290078D536 = {
						CreatedOnToolsVersion = 11.5;
					};
					D15016CE25A1932B0078D536 = {
						CreatedOnToolsVersion = 11.5;
						TestTargetID = D15016B825A193290078D536;
					};
					D15016D925A1932B0078D536 = {
						CreatedOnToolsVersion = 11.5;
						TestTargetID = D15016B825A193290078D536;
					};
				};
			};
			buildConfigurationList = D15016B425A193290078D536 /* Build configuration list for PBXProject "AdaptiveLayout" */;
			compatibilityVersion = "Xcode 9.3";
			developmentRegion = en;
			hasScannedForEncodings = 0;
			knownRegions = (
				en,
				Base,
			);
			mainGroup = D15016B025A193290078D536;
			productRefGroup = D15016BA25A193290078D536 /* Products */;
			projectDirPath = "";
			projectRoot = "";
			targets = (
				D15016B825A193290078D536 /* AdaptiveLayout */,
				D15016CE25A1932B0078D536 /* AdaptiveLayoutTests */,
				D15016D925A1932B0078D536 /* AdaptiveLayoutUITests */,
			);
		};
/* End PBXProject section */

/* Begin PBXResourcesBuildPhase section */
		D15016B725A193290078D536 /* Resources */ = {
			isa = PBXResourcesBuildPhase;
			buildActionMask = 2147483647;
			files = (
				D15016C925A1932B0078D536 /* LaunchScreen.storyboard in Resources */,
				D15016C625A1932B0078D536 /* Assets.xcassets in Resources */,
				D15016C425A193290078D536 /* Main.storyboard in Resources */,
			);
			runOnlyForDeploymentPostprocessing = 0;
		};
		D15016CD25A1932B0078D536 /* Resources */ = {
			isa = PBXResourcesBuildPhase;
			buildActionMask = 2147483647;
			files = (
			);
			runOnlyForDeploymentPostprocessing = 0;
		};
		D15016D825A1932B0078D536 /* Resources */ = {
			isa = PBXResourcesBuildPhase;
			buildActionMask = 2147483647;
			files = (
			);
			runOnlyForDeploymentPostprocessing = 0;
		};
/* End PBXResourcesBuildPhase section */

/* Begin PBXSourcesBuildPhase section */
		D15016B525A193290078D536 /* Sources */ = {
			isa = PBXSourcesBuildPhase;
			buildActionMask = 2147483647;
			files = (
				D15016C125A193290078D536 /* ViewController.swift in Sources */,
				D15016BD25A193290078D536 /* AppDelegate.swift in Sources */,
				D15016ED25A1E8660078D536 /* BorderedButton.swift in Sources */,
				D15016BF25A193290078D536 /* SceneDelegate.swift in Sources */,
			);
			runOnlyForDeploymentPostprocessing = 0;
		};
		D15016CB25A1932B0078D536 /* Sources */ = {
			isa = PBXSourcesBuildPhase;
			buildActionMask = 2147483647;
			files = (
				D15016D425A1932B0078D536 /* AdaptiveLayoutTests.swift in Sources */,
			);
			runOnlyForDeploymentPostprocessing = 0;
		};
		D15016D625A1932B0078D536 /* Sources */ = {
			isa = PBXSourcesBuildPhase;
			buildActionMask = 2147483647;
			files = (
				D15016DF25A1932B0078D536 /* AdaptiveLayoutUITests.swift in Sources */,
			);
			runOnlyForDeploymentPostprocessing = 0;
		};
/* End PBXSourcesBuildPhase section */

/* Begin PBXTargetDependency section */
		D15016D125A1932B0078D536 /* PBXTargetDependency */ = {
			isa = PBXTargetDependency;
			target = D15016B825A193290078D536 /* AdaptiveLayout */;
			targetProxy = D15016D025A1932B0078D536 /* PBXContainerItemProxy */;
		};
		D15016DC25A1932B0078D536 /* PBXTargetDependency */ = {
			isa = PBXTargetDependency;
			target = D15016B825A193290078D536 /* AdaptiveLayout */;
			targetProxy = D15016DB25A1932B0078D536 /* PBXContainerItemProxy */;
		};
/* End PBXTargetDependency section */

/* Begin PBXVariantGroup section */
		D15016C225A193290078D536 /* Main.storyboard */ = {
			isa = PBXVariantGroup;
			children = (
				D15016C325A193290078D536 /* Base */,
			);
			name = Main.storyboard;
			sourceTree = "<group>";
		};
		D15016C725A1932B0078D536 /* LaunchScreen.storyboard */ = {
			isa = PBXVariantGroup;
			children = (
				D15016C825A1932B0078D536 /* Base */,
			);
			name = LaunchScreen.storyboard;
			sourceTree = "<group>";
		};
/* End PBXVariantGroup section */

/* Begin XCBuildConfiguration section */
		D15016E125A1932B0078D536 /* Debug */ = {
			isa = XCBuildConfiguration;
			buildSettings = {
				ALWAYS_SEARCH_USER_PATHS = NO;
				CLANG_ANALYZER_NONNULL = YES;
				CLANG_ANALYZER_NUMBER_OBJECT_CONVERSION = YES_AGGRESSIVE;
				CLANG_CXX_LANGUAGE_STANDARD = "gnu++14";
				CLANG_CXX_LIBRARY = "libc++";
				CLANG_ENABLE_MODULES = YES;
				CLANG_ENABLE_OBJC_ARC = YES;
				CLANG_ENABLE_OBJC_WEAK = YES;
				CLANG_WARN_BLOCK_CAPTURE_AUTORELEASING = YES;
				CLANG_WARN_BOOL_CONVERSION = YES;
				CLANG_WARN_COMMA = YES;
				CLANG_WARN_CONSTANT_CONVERSION = YES;
				CLANG_WARN_DEPRECATED_OBJC_IMPLEMENTATIONS = YES;
				CLANG_WARN_DIRECT_OBJC_ISA_USAGE = YES_ERROR;
				CLANG_WARN_DOCUMENTATION_COMMENTS = YES;
				CLANG_WARN_EMPTY_BODY = YES;
				CLANG_WARN_ENUM_CONVERSION = YES;
				CLANG_WARN_INFINITE_RECURSION = YES;
				CLANG_WARN_INT_CONVERSION = YES;
				CLANG_WARN_NON_LITERAL_NULL_CONVERSION = YES;
				CLANG_WARN_OBJC_IMPLICIT_RETAIN_SELF = YES;
				CLANG_WARN_OBJC_LITERAL_CONVERSION = YES;
				CLANG_WARN_OBJC_ROOT_CLASS = YES_ERROR;
				CLANG_WARN_RANGE_LOOP_ANALYSIS = YES;
				CLANG_WARN_STRICT_PROTOTYPES = YES;
				CLANG_WARN_SUSPICIOUS_MOVE = YES;
				CLANG_WARN_UNGUARDED_AVAILABILITY = YES_AGGRESSIVE;
				CLANG_WARN_UNREACHABLE_CODE = YES;
				CLANG_WARN__DUPLICATE_METHOD_MATCH = YES;
				COPY_PHASE_STRIP = NO;
				DEBUG_INFORMATION_FORMAT = dwarf;
				ENABLE_STRICT_OBJC_MSGSEND = YES;
				ENABLE_TESTABILITY = YES;
				GCC_C_LANGUAGE_STANDARD = gnu11;
				GCC_DYNAMIC_NO_PIC = NO;
				GCC_NO_COMMON_BLOCKS = YES;
				GCC_OPTIMIZATION_LEVEL = 0;
				GCC_PREPROCESSOR_DEFINITIONS = (
					"DEBUG=1",
					"$(inherited)",
				);
				GCC_WARN_64_TO_32_BIT_CONVERSION = YES;
				GCC_WARN_ABOUT_RETURN_TYPE = YES_ERROR;
				GCC_WARN_UNDECLARED_SELECTOR = YES;
				GCC_WARN_UNINITIALIZED_AUTOS = YES_AGGRESSIVE;
				GCC_WARN_UNUSED_FUNCTION = YES;
				GCC_WARN_UNUSED_VARIABLE = YES;
				IPHONEOS_DEPLOYMENT_TARGET = 13.5;
				MTL_ENABLE_DEBUG_INFO = INCLUDE_SOURCE;
				MTL_FAST_MATH = YES;
				ONLY_ACTIVE_ARCH = YES;
				SDKROOT = iphoneos;
				SWIFT_ACTIVE_COMPILATION_CONDITIONS = DEBUG;
				SWIFT_OPTIMIZATION_LEVEL = "-Onone";
			};
			name = Debug;
		};
		D15016E225A1932B0078D536 /* Release */ = {
			isa = XCBuildConfiguration;
			buildSettings = {
				ALWAYS_SEARCH_USER_PATHS = NO;
				CLANG_ANALYZER_NONNULL = YES;
				CLANG_ANALYZER_NUMBER_OBJECT_CONVERSION = YES_AGGRESSIVE;
				CLANG_CXX_LANGUAGE_STANDARD = "gnu++14";
				CLANG_CXX_LIBRARY = "libc++";
				CLANG_ENABLE_MODULES = YES;
				CLANG_ENABLE_OBJC_ARC = YES;
				CLANG_ENABLE_OBJC_WEAK = YES;
				CLANG_WARN_BLOCK_CAPTURE_AUTORELEASING = YES;
				CLANG_WARN_BOOL_CONVERSION = YES;
				CLANG_WARN_COMMA = YES;
				CLANG_WARN_CONSTANT_CONVERSION = YES;
				CLANG_WARN_DEPRECATED_OBJC_IMPLEMENTATIONS = YES;
				CLANG_WARN_DIRECT_OBJC_ISA_USAGE = YES_ERROR;
				CLANG_WARN_DOCUMENTATION_COMMENTS = YES;
				CLANG_WARN_EMPTY_BODY = YES;
				CLANG_WARN_ENUM_CONVERSION = YES;
				CLANG_WARN_INFINITE_RECURSION = YES;
				CLANG_WARN_INT_CONVERSION = YES;
				CLANG_WARN_NON_LITERAL_NULL_CONVERSION = YES;
				CLANG_WARN_OBJC_IMPLICIT_RETAIN_SELF = YES;
				CLANG_WARN_OBJC_LITERAL_CONVERSION = YES;
				CLANG_WARN_OBJC_ROOT_CLASS = YES_ERROR;
				CLANG_WARN_RANGE_LOOP_ANALYSIS = YES;
				CLANG_WARN_STRICT_PROTOTYPES = YES;
				CLANG_WARN_SUSPICIOUS_MOVE = YES;
				CLANG_WARN_UNGUARDED_AVAILABILITY = YES_AGGRESSIVE;
				CLANG_WARN_UNREACHABLE_CODE = YES;
				CLANG_WARN__DUPLICATE_METHOD_MATCH = YES;
				COPY_PHASE_STRIP = NO;
				DEBUG_INFORMATION_FORMAT = "dwarf-with-dsym";
				ENABLE_NS_ASSERTIONS = NO;
				ENABLE_STRICT_OBJC_MSGSEND = YES;
				GCC_C_LANGUAGE_STANDARD = gnu11;
				GCC_NO_COMMON_BLOCKS = YES;
				GCC_WARN_64_TO_32_BIT_CONVERSION = YES;
				GCC_WARN_ABOUT_RETURN_TYPE = YES_ERROR;
				GCC_WARN_UNDECLARED_SELECTOR = YES;
				GCC_WARN_UNINITIALIZED_AUTOS = YES_AGGRESSIVE;
				GCC_WARN_UNUSED_FUNCTION = YES;
				GCC_WARN_UNUSED_VARIABLE = YES;
				IPHONEOS_DEPLOYMENT_TARGET = 13.5;
				MTL_ENABLE_DEBUG_INFO = NO;
				MTL_FAST_MATH = YES;
				SDKROOT = iphoneos;
				SWIFT_COMPILATION_MODE = wholemodule;
				SWIFT_OPTIMIZATION_LEVEL = "-O";
				VALIDATE_PRODUCT = YES;
			};
			name = Release;
		};
		D15016E425A1932B0078D536 /* Debug */ = {
			isa = XCBuildConfiguration;
			buildSettings = {
				ASSETCATALOG_COMPILER_APPICON_NAME = AppIcon;
				CODE_SIGN_STYLE = Automatic;
				DEVELOPMENT_TEAM = ZQWYP9SQPH;
				INFOPLIST_FILE = AdaptiveLayout/Info.plist;
				LD_RUNPATH_SEARCH_PATHS = (
					"$(inherited)",
					"@executable_path/Frameworks",
				);
				PRODUCT_BUNDLE_IDENTIFIER = com.arpit.AdaptiveLayout;
				PRODUCT_NAME = "$(TARGET_NAME)";
				SWIFT_VERSION = 5.0;
				TARGETED_DEVICE_FAMILY = "1,2";
			};
			name = Debug;
		};
		D15016E525A1932B0078D536 /* Release */ = {
			isa = XCBuildConfiguration;
			buildSettings = {
				ASSETCATALOG_COMPILER_APPICON_NAME = AppIcon;
				CODE_SIGN_STYLE = Automatic;
				DEVELOPMENT_TEAM = ZQWYP9SQPH;
				INFOPLIST_FILE = AdaptiveLayout/Info.plist;
				LD_RUNPATH_SEARCH_PATHS = (
					"$(inherited)",
					"@executable_path/Frameworks",
				);
				PRODUCT_BUNDLE_IDENTIFIER = com.arpit.AdaptiveLayout;
				PRODUCT_NAME = "$(TARGET_NAME)";
				SWIFT_VERSION = 5.0;
				TARGETED_DEVICE_FAMILY = "1,2";
			};
			name = Release;
		};
		D15016E725A1932B0078D536 /* Debug */ = {
			isa = XCBuildConfiguration;
			buildSettings = {
				ALWAYS_EMBED_SWIFT_STANDARD_LIBRARIES = YES;
				BUNDLE_LOADER = "$(TEST_HOST)";
				CODE_SIGN_STYLE = Automatic;
				DEVELOPMENT_TEAM = ZQWYP9SQPH;
				INFOPLIST_FILE = AdaptiveLayoutTests/Info.plist;
				IPHONEOS_DEPLOYMENT_TARGET = 13.5;
				LD_RUNPATH_SEARCH_PATHS = (
					"$(inherited)",
					"@executable_path/Frameworks",
					"@loader_path/Frameworks",
				);
				PRODUCT_BUNDLE_IDENTIFIER = com.arpit.AdaptiveLayoutTests;
				PRODUCT_NAME = "$(TARGET_NAME)";
				SWIFT_VERSION = 5.0;
				TARGETED_DEVICE_FAMILY = "1,2";
				TEST_HOST = "$(BUILT_PRODUCTS_DIR)/AdaptiveLayout.app/AdaptiveLayout";
			};
			name = Debug;
		};
		D15016E825A1932B0078D536 /* Release */ = {
			isa = XCBuildConfiguration;
			buildSettings = {
				ALWAYS_EMBED_SWIFT_STANDARD_LIBRARIES = YES;
				BUNDLE_LOADER = "$(TEST_HOST)";
				CODE_SIGN_STYLE = Automatic;
				DEVELOPMENT_TEAM = ZQWYP9SQPH;
				INFOPLIST_FILE = AdaptiveLayoutTests/Info.plist;
				IPHONEOS_DEPLOYMENT_TARGET = 13.5;
				LD_RUNPATH_SEARCH_PATHS = (
					"$(inherited)",
					"@executable_path/Frameworks",
					"@loader_path/Frameworks",
				);
				PRODUCT_BUNDLE_IDENTIFIER = com.arpit.AdaptiveLayoutTests;
				PRODUCT_NAME = "$(TARGET_NAME)";
				SWIFT_VERSION = 5.0;
				TARGETED_DEVICE_FAMILY = "1,2";
				TEST_HOST = "$(BUILT_PRODUCTS_DIR)/AdaptiveLayout.app/AdaptiveLayout";
			};
			name = Release;
		};
		D15016EA25A1932B0078D536 /* Debug */ = {
			isa = XCBuildConfiguration;
			buildSettings = {
				ALWAYS_EMBED_SWIFT_STANDARD_LIBRARIES = YES;
				CODE_SIGN_STYLE = Automatic;
				DEVELOPMENT_TEAM = ZQWYP9SQPH;
				INFOPLIST_FILE = AdaptiveLayoutUITests/Info.plist;
				LD_RUNPATH_SEARCH_PATHS = (
					"$(inherited)",
					"@executable_path/Frameworks",
					"@loader_path/Frameworks",
				);
				PRODUCT_BUNDLE_IDENTIFIER = com.arpit.AdaptiveLayoutUITests;
				PRODUCT_NAME = "$(TARGET_NAME)";
				SWIFT_VERSION = 5.0;
				TARGETED_DEVICE_FAMILY = "1,2";
				TEST_TARGET_NAME = AdaptiveLayout;
			};
			name = Debug;
		};
		D15016EB25A1932B0078D536 /* Release */ = {
			isa = XCBuildConfiguration;
			buildSettings = {
				ALWAYS_EMBED_SWIFT_STANDARD_LIBRARIES = YES;
				CODE_SIGN_STYLE = Automatic;
				DEVELOPMENT_TEAM = ZQWYP9SQPH;
				INFOPLIST_FILE = AdaptiveLayoutUITests/Info.plist;
				LD_RUNPATH_SEARCH_PATHS = (
					"$(inherited)",
					"@executable_path/Frameworks",
					"@loader_path/Frameworks",
				);
				PRODUCT_BUNDLE_IDENTIFIER = com.arpit.AdaptiveLayoutUITests;
				PRODUCT_NAME = "$(TARGET_NAME)";
				SWIFT_VERSION = 5.0;
				TARGETED_DEVICE_FAMILY = "1,2";
				TEST_TARGET_NAME = AdaptiveLayout;
			};
			name = Release;
		};
/* End XCBuildConfiguration section */

/* Begin XCConfigurationList section */
		D15016B425A193290078D536 /* Build configuration list for PBXProject "AdaptiveLayout" */ = {
			isa = XCConfigurationList;
			buildConfigurations = (
				D15016E125A1932B0078D536 /* Debug */,
				D15016E225A1932B0078D536 /* Release */,
			);
			defaultConfigurationIsVisible = 0;
			defaultConfigurationName = Release;
		};
		D15016E325A1932B0078D536 /* Build configuration list for PBXNativeTarget "AdaptiveLayout" */ = {
			isa = XCConfigurationList;
			buildConfigurations = (
				D15016E425A1932B0078D536 /* Debug */,
				D15016E525A1932B0078D536 /* Release */,
			);
			defaultConfigurationIsVisible = 0;
			defaultConfigurationName = Release;
		};
		D15016E625A1932B0078D536 /* Build configuration list for PBXNativeTarget "AdaptiveLayoutTests" */ = {
			isa = XCConfigurationList;
			buildConfigurations = (
				D15016E725A1932B0078D536 /* Debug */,
				D15016E825A1932B0078D536 /* Release */,
			);
			defaultConfigurationIsVisible = 0;
			defaultConfigurationName = Release;
		};
		D15016E925A1932B0078D536 /* Build configuration list for PBXNativeTarget "AdaptiveLayoutUITests" */ = {
			isa = XCConfigurationList;
			buildConfigurations = (
				D15016EA25A1932B0078D536 /* Debug */,
				D15016EB25A1932B0078D536 /* Release */,
			);
			defaultConfigurationIsVisible = 0;
			defaultConfigurationName = Release;
		};
/* End XCConfigurationList section */
	};
	rootObject = D15016B125A193290078D536 /* Project object */;
}
